
Microsoft Visual Studio Solution File, Format Version 12.00
# Visual Studio Version 16
VisualStudioVersion = 16.0.31005.135
MinimumVisualStudioVersion = 10.0.40219.1
Project("{FAE04EC0-301F-11D3-BF4B-00C04F79EFBC}") = "MusicPlayerListBoxTask", "MusicPlayerListBoxTask.csproj", "{EF3B39C9-4AD9-4E62-BD30-50E75E7D6D60}"
EndProject
Global
	GlobalSection(SolutionConfigurationPlatforms) = preSolution
		Debug|Any CPU = Debug|Any CPU
		Release|Any CPU = Release|Any CPU
	EndGlobalSection
	GlobalSection(ProjectConfigurationPlatforms) = postSolution
		{EF3B39C9-4AD9-4E62-BD30-50E75E7D6D60}.Debug|Any CPU.ActiveCfg = Debug|Any CPU
		{EF3B39C9-4AD9-4E62-BD30-50E75E7D6D60}.Debug|Any CPU.Build.0 = Debug|Any CPU
		{EF3B39C9-4AD9-4E62-BD30-50E75E7D6D60}.Release|Any CPU.ActiveCfg = Release|Any CPU
		{EF3B39C9-4AD9-4E62-BD30-50E75E7D6D60}.Release|Any CPU.Build.0 = Release|Any CPU
	EndGlobalSection
	GlobalSection(SolutionProperties) = preSolution
		HideSolutionNode = FALSE
	EndGlobalSection
	GlobalSection(ExtensibilityGlobals) = postSolution
		SolutionGuid = {94F82668-105A-4AEE-9476-4B771867683D}
	EndGlobalSection
EndGlobal
